
Microsoft Visual Studio Solution File, Format Version 12.00
# Visual Studio Version 17
VisualStudioVersion = 17.4.33213.308
MinimumVisualStudioVersion = 10.0.40219.1
Project("{FAE04EC0-301F-11D3-BF4B-00C04F79EFBC}") = "DesafioAula8", "DesafioAula8.csproj", "{87E0A23F-81E9-41EE-86E5-B4894CD1AF7F}"
EndProject
Global
	GlobalSection(SolutionConfigurationPlatforms) = preSolution
		Debug|Any CPU = Debug|Any CPU
		Release|Any CPU = Release|Any CPU
	EndGlobalSection
	GlobalSection(ProjectConfigurationPlatforms) = postSolution
		{87E0A23F-81E9-41EE-86E5-B4894CD1AF7F}.Debug|Any CPU.ActiveCfg = Debug|Any CPU
		{87E0A23F-81E9-41EE-86E5-B4894CD1AF7F}.Debug|Any CPU.Build.0 = Debug|Any CPU
		{87E0A23F-81E9-41EE-86E5-B4894CD1AF7F}.Release|Any CPU.ActiveCfg = Release|Any CPU
		{87E0A23F-81E9-41EE-86E5-B4894CD1AF7F}.Release|Any CPU.Build.0 = Release|Any CPU
	EndGlobalSection
	GlobalSection(SolutionProperties) = preSolution
		HideSolutionNode = FALSE
	EndGlobalSection
	GlobalSection(ExtensibilityGlobals) = postSolution
		SolutionGuid = {E879DFBA-5F0A-46F0-8221-AAB26E5576D2}
	EndGlobalSection
EndGlobal
